// !$*UTF8*$!
{
	archiveVersion = 1;
	classes = {
	};
	objectVersion = 56;
	objects = {

/* Begin PBXBuildFile section */
		F499DB1C2B4FBD89002D6D4D /* AppDelegate.swift in Sources */ = {isa = PBXBuildFile; fileRef = F499DB1B2B4FBD89002D6D4D /* AppDelegate.swift */; };
		F499DB1E2B4FBD89002D6D4D /* SceneDelegate.swift in Sources */ = {isa = PBXBuildFile; fileRef = F499DB1D2B4FBD89002D6D4D /* SceneDelegate.swift */; };
		F499DB202B4FBD89002D6D4D /* ViewController.swift in Sources */ = {isa = PBXBuildFile; fileRef = F499DB1F2B4FBD89002D6D4D /* ViewController.swift */; };
		F499DB232B4FBD89002D6D4D /* Main.storyboard in Resources */ = {isa = PBXBuildFile; fileRef = F499DB212B4FBD89002D6D4D /* Main.storyboard */; };
		F499DB252B4FBD89002D6D4D /* Assets.xcassets in Resources */ = {isa = PBXBuildFile; fileRef = F499DB242B4FBD89002D6D4D /* Assets.xcassets */; };
/* End PBXBuildFile section */

/* Begin PBXFileReference section */
		F499DB182B4FBD89002D6D4D /* ScanQRCode.app */ = {isa = PBXFileReference; explicitFileType = wrapper.application; includeInIndex = 0; path = ScanQRCode.app; sourceTree = BUILT_PRODUCTS_DIR; };
		F499DB1B2B4FBD89002D6D4D /* AppDelegate.swift */ = {isa = PBXFileReference; lastKnownFileType = sourcecode.swift; path = AppDelegate.swift; sourceTree = "<group>"; };
		F499DB1D2B4FBD89002D6D4D /* SceneDelegate.swift */ = {isa = PBXFileReference; lastKnownFileType = sourcecode.swift; path = SceneDelegate.swift; sourceTree = "<group>"; };
		F499DB1F2B4FBD89002D6D4D /* ViewController.swift */ = {isa = PBXFileReference; lastKnownFileType = sourcecode.swift; path = ViewController.swift; sourceTree = "<group>"; };
		F499DB222B4FBD89002D6D4D /* Base */ = {isa = PBXFileReference; lastKnownFileType = file.storyboard; name = Base; path = Base.lproj/Main.storyboard; sourceTree = "<group>"; };
		F499DB242B4FBD89002D6D4D /* Assets.xcassets */ = {isa = PBXFileReference; lastKnownFileType = folder.assetcatalog; path = Assets.xcassets; sourceTree = "<group>"; };
		F499DB292B4FBD89002D6D4D /* Info.plist */ = {isa = PBXFileReference; lastKnownFileType = text.plist.xml; path = Info.plist; sourceTree = "<group>"; };
/* End PBXFileReference section */

/* Begin PBXFrameworksBuildPhase section */
		F499DB152B4FBD89002D6D4D /* Frameworks */ = {
			isa = PBXFrameworksBuildPhase;
			buildActionMask = 2147483647;
			files = (
			);
			runOnlyForDeploymentPostprocessing = 0;
		};
/* End PBXFrameworksBuildPhase section */

/* Begin PBXGroup section */
		F499DB0F2B4FBD89002D6D4D = {
			isa = PBXGroup;
			children = (
				F499DB1A2B4FBD89002D6D4D /* ScanQRCode */,
				F499DB192B4FBD89002D6D4D /* Products */,
			);
			sourceTree = "<group>";
		};
		F499DB192B4FBD89002D6D4D /* Products */ = {
			isa = PBXGroup;
			children = (
				F499DB182B4FBD89002D6D4D /* ScanQRCode.app */,
			);
			name = Products;
			sourceTree = "<group>";
		};
		F499DB1A2B4FBD89002D6D4D /* ScanQRCode */ = {
			isa = PBXGroup;
			children = (
				F499DB302B4FBDC6002D6D4D /* Resource */,
				F499DB2F2B4FBD94002D6D4D /* AppDelegate */,
				F499DB312B4FBDD4002D6D4D /* Application */,
				F499DB292B4FBD89002D6D4D /* Info.plist */,
			);
			path = ScanQRCode;
			sourceTree = "<group>";
		};
		F499DB2F2B4FBD94002D6D4D /* AppDelegate */ = {
			isa = PBXGroup;
			children = (
				F499DB1B2B4FBD89002D6D4D /* AppDelegate.swift */,
				F499DB1D2B4FBD89002D6D4D /* SceneDelegate.swift */,
			);
			path = AppDelegate;
			sourceTree = "<group>";
		};
		F499DB302B4FBDC6002D6D4D /* Resource */ = {
			isa = PBXGroup;
			children = (
				F499DB242B4FBD89002D6D4D /* Assets.xcassets */,
			);
			path = Resource;
			sourceTree = "<group>";
		};
		F499DB312B4FBDD4002D6D4D /* Application */ = {
			isa = PBXGroup;
			children = (
				F499DB1F2B4FBD89002D6D4D /* ViewController.swift */,
				F499DB212B4FBD89002D6D4D /* Main.storyboard */,
			);
			path = Application;
			sourceTree = "<group>";
		};
/* End PBXGroup section */

/* Begin PBXNativeTarget section */
		F499DB172B4FBD89002D6D4D /* ScanQRCode */ = {
			isa = PBXNativeTarget;
			buildConfigurationList = F499DB2C2B4FBD89002D6D4D /* Build configuration list for PBXNativeTarget "ScanQRCode" */;
			buildPhases = (
				F499DB142B4FBD89002D6D4D /* Sources */,
				F499DB152B4FBD89002D6D4D /* Frameworks */,
				F499DB162B4FBD89002D6D4D /* Resources */,
			);
			buildRules = (
			);
			dependencies = (
			);
			name = ScanQRCode;
			productName = ScanQRCode;
			productReference = F499DB182B4FBD89002D6D4D /* ScanQRCode.app */;
			productType = "com.apple.product-type.application";
		};
/* End PBXNativeTarget section */

/* Begin PBXProject section */
		F499DB102B4FBD89002D6D4D /* Project object */ = {
			isa = PBXProject;
			attributes = {
				BuildIndependentTargetsInParallel = 1;
				LastSwiftUpdateCheck = 1430;
				LastUpgradeCheck = 1430;
				TargetAttributes = {
					F499DB172B4FBD89002D6D4D = {
						CreatedOnToolsVersion = 14.3.1;
					};
				};
			};
			buildConfigurationList = F499DB132B4FBD89002D6D4D /* Build configuration list for PBXProject "ScanQRCode" */;
			compatibilityVersion = "Xcode 14.0";
			developmentRegion = en;
			hasScannedForEncodings = 0;
			knownRegions = (
				en,
				Base,
			);
			mainGroup = F499DB0F2B4FBD89002D6D4D;
			productRefGroup = F499DB192B4FBD89002D6D4D /* Products */;
			projectDirPath = "";
			projectRoot = "";
			targets = (
				F499DB172B4FBD89002D6D4D /* ScanQRCode */,
			);
		};
/* End PBXProject section */

/* Begin PBXResourcesBuildPhase section */
		F499DB162B4FBD89002D6D4D /* Resources */ = {
			isa = PBXResourcesBuildPhase;
			buildActionMask = 2147483647;
			files = (
				F499DB252B4FBD89002D6D4D /* Assets.xcassets in Resources */,
				F499DB232B4FBD89002D6D4D /* Main.storyboard in Resources */,
			);
			runOnlyForDeploymentPostprocessing = 0;
		};
/* End PBXResourcesBuildPhase section */

/* Begin PBXSourcesBuildPhase section */
		F499DB142B4FBD89002D6D4D /* Sources */ = {
			isa = PBXSourcesBuildPhase;
			buildActionMask = 2147483647;
			files = (
				F499DB202B4FBD89002D6D4D /* ViewController.swift in Sources */,
				F499DB1C2B4FBD89002D6D4D /* AppDelegate.swift in Sources */,
				F499DB1E2B4FBD89002D6D4D /* SceneDelegate.swift in Sources */,
			);
			runOnlyForDeploymentPostprocessing = 0;
		};
/* End PBXSourcesBuildPhase section */

/* Begin PBXVariantGroup section */
		F499DB212B4FBD89002D6D4D /* Main.storyboard */ = {
			isa = PBXVariantGroup;
			children = (
				F499DB222B4FBD89002D6D4D /* Base */,
			);
			name = Main.storyboard;
			sourceTree = "<group>";
		};
/* End PBXVariantGroup section */

/* Begin XCBuildConfiguration section */
		F499DB2A2B4FBD89002D6D4D /* Debug */ = {
			isa = XCBuildConfiguration;
			buildSettings = {
				ALWAYS_SEARCH_USER_PATHS = NO;
				CLANG_ANALYZER_NONNULL = YES;
				CLANG_ANALYZER_NUMBER_OBJECT_CONVERSION = YES_AGGRESSIVE;
				CLANG_CXX_LANGUAGE_STANDARD = "gnu++20";
				CLANG_ENABLE_MODULES = YES;
				CLANG_ENABLE_OBJC_ARC = YES;
				CLANG_ENABLE_OBJC_WEAK = YES;
				CLANG_WARN_BLOCK_CAPTURE_AUTORELEASING = YES;
				CLANG_WARN_BOOL_CONVERSION = YES;
				CLANG_WARN_COMMA = YES;
				CLANG_WARN_CONSTANT_CONVERSION = YES;
				CLANG_WARN_DEPRECATED_OBJC_IMPLEMENTATIONS = YES;
				CLANG_WARN_DIRECT_OBJC_ISA_USAGE = YES_ERROR;
				CLANG_WARN_DOCUMENTATION_COMMENTS = YES;
				CLANG_WARN_EMPTY_BODY = YES;
				CLANG_WARN_ENUM_CONVERSION = YES;
				CLANG_WARN_INFINITE_RECURSION = YES;
				CLANG_WARN_INT_CONVERSION = YES;
				CLANG_WARN_NON_LITERAL_NULL_CONVERSION = YES;
				CLANG_WARN_OBJC_IMPLICIT_RETAIN_SELF = YES;
				CLANG_WARN_OBJC_LITERAL_CONVERSION = YES;
				CLANG_WARN_OBJC_ROOT_CLASS = YES_ERROR;
				CLANG_WARN_QUOTED_INCLUDE_IN_FRAMEWORK_HEADER = YES;
				CLANG_WARN_RANGE_LOOP_ANALYSIS = YES;
				CLANG_WARN_STRICT_PROTOTYPES = YES;
				CLANG_WARN_SUSPICIOUS_MOVE = YES;
				CLANG_WARN_UNGUARDED_AVAILABILITY = YES_AGGRESSIVE;
				CLANG_WARN_UNREACHABLE_CODE = YES;
				CLANG_WARN__DUPLICATE_METHOD_MATCH = YES;
				COPY_PHASE_STRIP = NO;
				DEBUG_INFORMATION_FORMAT = dwarf;
				ENABLE_STRICT_OBJC_MSGSEND = YES;
				ENABLE_TESTABILITY = YES;
				GCC_C_LANGUAGE_STANDARD = gnu11;
				GCC_DYNAMIC_NO_PIC = NO;
				GCC_NO_COMMON_BLOCKS = YES;
				GCC_OPTIMIZATION_LEVEL = 0;
				GCC_PREPROCESSOR_DEFINITIONS = (
					"DEBUG=1",
					"$(inherited)",
				);
				GCC_WARN_64_TO_32_BIT_CONVERSION = YES;
				GCC_WARN_ABOUT_RETURN_TYPE = YES_ERROR;
				GCC_WARN_UNDECLARED_SELECTOR = YES;
				GCC_WARN_UNINITIALIZED_AUTOS = YES_AGGRESSIVE;
				GCC_WARN_UNUSED_FUNCTION = YES;
				GCC_WARN_UNUSED_VARIABLE = YES;
				IPHONEOS_DEPLOYMENT_TARGET = 16.4;
				MTL_ENABLE_DEBUG_INFO = INCLUDE_SOURCE;
				MTL_FAST_MATH = YES;
				ONLY_ACTIVE_ARCH = YES;
				SDKROOT = iphoneos;
				SWIFT_ACTIVE_COMPILATION_CONDITIONS = DEBUG;
				SWIFT_OPTIMIZATION_LEVEL = "-Onone";
			};
			name = Debug;
		};
		F499DB2B2B4FBD89002D6D4D /* Release */ = {
			isa = XCBuildConfiguration;
			buildSettings = {
				ALWAYS_SEARCH_USER_PATHS = NO;
				CLANG_ANALYZER_NONNULL = YES;
				CLANG_ANALYZER_NUMBER_OBJECT_CONVERSION = YES_AGGRESSIVE;
				CLANG_CXX_LANGUAGE_STANDARD = "gnu++20";
				CLANG_ENABLE_MODULES = YES;
				CLANG_ENABLE_OBJC_ARC = YES;
				CLANG_ENABLE_OBJC_WEAK = YES;
				CLANG_WARN_BLOCK_CAPTURE_AUTORELEASING = YES;
				CLANG_WARN_BOOL_CONVERSION = YES;
				CLANG_WARN_COMMA = YES;
				CLANG_WARN_CONSTANT_CONVERSION = YES;
				CLANG_WARN_DEPRECATED_OBJC_IMPLEMENTATIONS = YES;
				CLANG_WARN_DIRECT_OBJC_ISA_USAGE = YES_ERROR;
				CLANG_WARN_DOCUMENTATION_COMMENTS = YES;
				CLANG_WARN_EMPTY_BODY = YES;
				CLANG_WARN_ENUM_CONVERSION = YES;
				CLANG_WARN_INFINITE_RECURSION = YES;
				CLANG_WARN_INT_CONVERSION = YES;
				CLANG_WARN_NON_LITERAL_NULL_CONVERSION = YES;
				CLANG_WARN_OBJC_IMPLICIT_RETAIN_SELF = YES;
				CLANG_WARN_OBJC_LITERAL_CONVERSION = YES;
				CLANG_WARN_OBJC_ROOT_CLASS = YES_ERROR;
				CLANG_WARN_QUOTED_INCLUDE_IN_FRAMEWORK_HEADER = YES;
				CLANG_WARN_RANGE_LOOP_ANALYSIS = YES;
				CLANG_WARN_STRICT_PROTOTYPES = YES;
				CLANG_WARN_SUSPICIOUS_MOVE = YES;
				CLANG_WARN_UNGUARDED_AVAILABILITY = YES_AGGRESSIVE;
				CLANG_WARN_UNREACHABLE_CODE = YES;
				CLANG_WARN__DUPLICATE_METHOD_MATCH = YES;
				COPY_PHASE_STRIP = NO;
				DEBUG_INFORMATION_FORMAT = "dwarf-with-dsym";
				ENABLE_NS_ASSERTIONS = NO;
				ENABLE_STRICT_OBJC_MSGSEND = YES;
				GCC_C_LANGUAGE_STANDARD = gnu11;
				GCC_NO_COMMON_BLOCKS = YES;
				GCC_WARN_64_TO_32_BIT_CONVERSION = YES;
				GCC_WARN_ABOUT_RETURN_TYPE = YES_ERROR;
				GCC_WARN_UNDECLARED_SELECTOR = YES;
				GCC_WARN_UNINITIALIZED_AUTOS = YES_AGGRESSIVE;
				GCC_WARN_UNUSED_FUNCTION = YES;
				GCC_WARN_UNUSED_VARIABLE = YES;
				IPHONEOS_DEPLOYMENT_TARGET = 16.4;
				MTL_ENABLE_DEBUG_INFO = NO;
				MTL_FAST_MATH = YES;
				SDKROOT = iphoneos;
				SWIFT_COMPILATION_MODE = wholemodule;
				SWIFT_OPTIMIZATION_LEVEL = "-O";
				VALIDATE_PRODUCT = YES;
			};
			name = Release;
		};
		F499DB2D2B4FBD89002D6D4D /* Debug */ = {
			isa = XCBuildConfiguration;
			buildSettings = {
				ASSETCATALOG_COMPILER_APPICON_NAME = AppIcon;
				ASSETCATALOG_COMPILER_GLOBAL_ACCENT_COLOR_NAME = AccentColor;
				CODE_SIGN_STYLE = Automatic;
				CURRENT_PROJECT_VERSION = 1;
				DEVELOPMENT_TEAM = HUWGZQ563K;
				GENERATE_INFOPLIST_FILE = YES;
				INFOPLIST_FILE = ScanQRCode/Info.plist;
				INFOPLIST_KEY_NSCameraUsageDescription = "Need to access your camera ";
				INFOPLIST_KEY_UIApplicationSupportsIndirectInputEvents = YES;
				INFOPLIST_KEY_UILaunchStoryboardName = LaunchScreen;
				INFOPLIST_KEY_UIMainStoryboardFile = Main;
				INFOPLIST_KEY_UISupportedInterfaceOrientations_iPad = "UIInterfaceOrientationPortrait UIInterfaceOrientationPortraitUpsideDown UIInterfaceOrientationLandscapeLeft UIInterfaceOrientationLandscapeRight";
				INFOPLIST_KEY_UISupportedInterfaceOrientations_iPhone = "UIInterfaceOrientationPortrait UIInterfaceOrientationLandscapeLeft UIInterfaceOrientationLandscapeRight";
				LD_RUNPATH_SEARCH_PATHS = (
					"$(inherited)",
					"@executable_path/Frameworks",
				);
				MARKETING_VERSION = 1.0;
				PRODUCT_BUNDLE_IDENTIFIER = com.testgg1.ScanQRCode;
				PRODUCT_NAME = "$(TARGET_NAME)";
				SWIFT_EMIT_LOC_STRINGS = YES;
				SWIFT_VERSION = 5.0;
				TARGETED_DEVICE_FAMILY = "1,2";
			};
			name = Debug;
		};
		F499DB2E2B4FBD89002D6D4D /* Release */ = {
			isa = XCBuildConfiguration;
			buildSettings = {
				ASSETCATALOG_COMPILER_APPICON_NAME = AppIcon;
				ASSETCATALOG_COMPILER_GLOBAL_ACCENT_COLOR_NAME = AccentColor;
				CODE_SIGN_STYLE = Automatic;
				CURRENT_PROJECT_VERSION = 1;
				DEVELOPMENT_TEAM = HUWGZQ563K;
				GENERATE_INFOPLIST_FILE = YES;
				INFOPLIST_FILE = ScanQRCode/Info.plist;
				INFOPLIST_KEY_NSCameraUsageDescription = "Need to access your camera ";
				INFOPLIST_KEY_UIApplicationSupportsIndirectInputEvents = YES;
				INFOPLIST_KEY_UILaunchStoryboardName = LaunchScreen;
				INFOPLIST_KEY_UIMainStoryboardFile = Main;
				INFOPLIST_KEY_UISupportedInterfaceOrientations_iPad = "UIInterfaceOrientationPortrait UIInterfaceOrientationPortraitUpsideDown UIInterfaceOrientationLandscapeLeft UIInterfaceOrientationLandscapeRight";
				INFOPLIST_KEY_UISupportedInterfaceOrientations_iPhone = "UIInterfaceOrientationPortrait UIInterfaceOrientationLandscapeLeft UIInterfaceOrientationLandscapeRight";
				LD_RUNPATH_SEARCH_PATHS = (
					"$(inherited)",
					"@executable_path/Frameworks",
				);
				MARKETING_VERSION = 1.0;
				PRODUCT_BUNDLE_IDENTIFIER = com.testgg1.ScanQRCode;
				PRODUCT_NAME = "$(TARGET_NAME)";
				SWIFT_EMIT_LOC_STRINGS = YES;
				SWIFT_VERSION = 5.0;
				TARGETED_DEVICE_FAMILY = "1,2";
			};
			name = Release;
		};
/* End XCBuildConfiguration section */

/* Begin XCConfigurationList section */
		F499DB132B4FBD89002D6D4D /* Build configuration list for PBXProject "ScanQRCode" */ = {
			isa = XCConfigurationList;
			buildConfigurations = (
				F499DB2A2B4FBD89002D6D4D /* Debug */,
				F499DB2B2B4FBD89002D6D4D /* Release */,
			);
			defaultConfigurationIsVisible = 0;
			defaultConfigurationName = Release;
		};
		F499DB2C2B4FBD89002D6D4D /* Build configuration list for PBXNativeTarget "ScanQRCode" */ = {
			isa = XCConfigurationList;
			buildConfigurations = (
				F499DB2D2B4FBD89002D6D4D /* Debug */,
				F499DB2E2B4FBD89002D6D4D /* Release */,
			);
			defaultConfigurationIsVisible = 0;
			defaultConfigurationName = Release;
		};
/* End XCConfigurationList section */
	};
	rootObject = F499DB102B4FBD89002D6D4D /* Project object */;
}
